
Microsoft Visual Studio Solution File, Format Version 12.00
# Visual Studio Version 17
VisualStudioVersion = 17.11.35327.3
MinimumVisualStudioVersion = 10.0.40219.1
Project("{FAE04EC0-301F-11D3-BF4B-00C04F79EFBC}") = "CarRentalApp", "CarRentalApp\CarRentalApp.csproj", "{255FC6E8-1995-420B-BEC8-6EA47FE5B2C8}"
EndProject
Project("{FAE04EC0-301F-11D3-BF4B-00C04F79EFBC}") = "CarRentalAppCodeFirst", "CarRentalAppCodeFirst\CarRentalAppCodeFirst.csproj", "{76C4B1C6-75FD-4C54-862D-7C32C8C0E30E}"
EndProject
Global
	GlobalSection(SolutionConfigurationPlatforms) = preSolution
		Debug|Any CPU = Debug|Any CPU
		Release|Any CPU = Release|Any CPU
	EndGlobalSection
	GlobalSection(ProjectConfigurationPlatforms) = postSolution
		{255FC6E8-1995-420B-BEC8-6EA47FE5B2C8}.Debug|Any CPU.ActiveCfg = Debug|Any CPU
		{255FC6E8-1995-420B-BEC8-6EA47FE5B2C8}.Debug|Any CPU.Build.0 = Debug|Any CPU
		{255FC6E8-1995-420B-BEC8-6EA47FE5B2C8}.Release|Any CPU.ActiveCfg = Release|Any CPU
		{255FC6E8-1995-420B-BEC8-6EA47FE5B2C8}.Release|Any CPU.Build.0 = Release|Any CPU
		{76C4B1C6-75FD-4C54-862D-7C32C8C0E30E}.Debug|Any CPU.ActiveCfg = Debug|Any CPU
		{76C4B1C6-75FD-4C54-862D-7C32C8C0E30E}.Debug|Any CPU.Build.0 = Debug|Any CPU
		{76C4B1C6-75FD-4C54-862D-7C32C8C0E30E}.Release|Any CPU.ActiveCfg = Release|Any CPU
		{76C4B1C6-75FD-4C54-862D-7C32C8C0E30E}.Release|Any CPU.Build.0 = Release|Any CPU
	EndGlobalSection
	GlobalSection(SolutionProperties) = preSolution
		HideSolutionNode = FALSE
	EndGlobalSection
	GlobalSection(ExtensibilityGlobals) = postSolution
		SolutionGuid = {516C429C-8316-4381-9421-89BCFE04A482}
	EndGlobalSection
EndGlobal
